
Microsoft Visual Studio Solution File, Format Version 12.00
# Visual Studio Version 16
VisualStudioVersion = 16.0.30517.126
MinimumVisualStudioVersion = 10.0.40219.1
Project("{FAE04EC0-301F-11D3-BF4B-00C04F79EFBC}") = "dom8", "dom8\dom8.csproj", "{C2EE9830-29B9-44F4-834B-31BBF86ED6B9}"
EndProject
Global
	GlobalSection(SolutionConfigurationPlatforms) = preSolution
		Debug|Any CPU = Debug|Any CPU
		Release|Any CPU = Release|Any CPU
	EndGlobalSection
	GlobalSection(ProjectConfigurationPlatforms) = postSolution
		{C2EE9830-29B9-44F4-834B-31BBF86ED6B9}.Debug|Any CPU.ActiveCfg = Debug|Any CPU
		{C2EE9830-29B9-44F4-834B-31BBF86ED6B9}.Debug|Any CPU.Build.0 = Debug|Any CPU
		{C2EE9830-29B9-44F4-834B-31BBF86ED6B9}.Release|Any CPU.ActiveCfg = Release|Any CPU
		{C2EE9830-29B9-44F4-834B-31BBF86ED6B9}.Release|Any CPU.Build.0 = Release|Any CPU
	EndGlobalSection
	GlobalSection(SolutionProperties) = preSolution
		HideSolutionNode = FALSE
	EndGlobalSection
	GlobalSection(ExtensibilityGlobals) = postSolution
		SolutionGuid = {7BCE5ED9-B37C-473F-B66E-975EBAD92EA8}
	EndGlobalSection
EndGlobal
